// !$*UTF8*$!
{
	archiveVersion = 1;
	classes = {
	};
	objectVersion = 46;
	objects = {

/* Begin PBXBuildFile section */
		9A007E2416FF68BB00F1A350 /* Card.m in Sources */ = {isa = PBXBuildFile; fileRef = 9A007E2316FF68BB00F1A350 /* Card.m */; };
		9A007E2816FF699D00F1A350 /* Deck.m in Sources */ = {isa = PBXBuildFile; fileRef = 9A007E2716FF699D00F1A350 /* Deck.m */; };
		9A007E2B170018DF00F1A350 /* PlayingCard.m in Sources */ = {isa = PBXBuildFile; fileRef = 9A007E2A170018DF00F1A350 /* PlayingCard.m */; };
		9A007E2E1700B00100F1A350 /* PlayingCardDeck.m in Sources */ = {isa = PBXBuildFile; fileRef = 9A007E2D1700B00100F1A350 /* PlayingCardDeck.m */; };
		9A007E311703726A00F1A350 /* CardMatchingGame.m in Sources */ = {isa = PBXBuildFile; fileRef = 9A007E301703726A00F1A350 /* CardMatchingGame.m */; };
		9A2100291715EE4900208AA7 /* GameResultsViewController.m in Sources */ = {isa = PBXBuildFile; fileRef = 9A2100281715EE4900208AA7 /* GameResultsViewController.m */; };
		9A21002C1715F43F00208AA7 /* GameResult.m in Sources */ = {isa = PBXBuildFile; fileRef = 9A21002B1715F43F00208AA7 /* GameResult.m */; };
		9A5AEB9B16FA6F330023614D /* UIKit.framework in Frameworks */ = {isa = PBXBuildFile; fileRef = 9A5AEB9A16FA6F330023614D /* UIKit.framework */; };
		9A5AEB9D16FA6F330023614D /* Foundation.framework in Frameworks */ = {isa = PBXBuildFile; fileRef = 9A5AEB9C16FA6F330023614D /* Foundation.framework */; };
		9A5AEB9F16FA6F330023614D /* CoreGraphics.framework in Frameworks */ = {isa = PBXBuildFile; fileRef = 9A5AEB9E16FA6F330023614D /* CoreGraphics.framework */; };
		9A5AEBA516FA6F330023614D /* InfoPlist.strings in Resources */ = {isa = PBXBuildFile; fileRef = 9A5AEBA316FA6F330023614D /* InfoPlist.strings */; };
		9A5AEBA716FA6F330023614D /* main.m in Sources */ = {isa = PBXBuildFile; fileRef = 9A5AEBA616FA6F330023614D /* main.m */; };
		9A5AEBAB16FA6F330023614D /* CardGameAppDelegate.m in Sources */ = {isa = PBXBuildFile; fileRef = 9A5AEBAA16FA6F330023614D /* CardGameAppDelegate.m */; };
		9A5AEBAD16FA6F330023614D /* Default.png in Resources */ = {isa = PBXBuildFile; fileRef = 9A5AEBAC16FA6F330023614D /* Default.png */; };
		9A5AEBAF16FA6F330023614D /* Default@2x.png in Resources */ = {isa = PBXBuildFile; fileRef = 9A5AEBAE16FA6F330023614D /* Default@2x.png */; };
		9A5AEBB116FA6F330023614D /* Default-568h@2x.png in Resources */ = {isa = PBXBuildFile; fileRef = 9A5AEBB016FA6F330023614D /* Default-568h@2x.png */; };
		9A5AEBB416FA6F330023614D /* MainStoryboard.storyboard in Resources */ = {isa = PBXBuildFile; fileRef = 9A5AEBB216FA6F330023614D /* MainStoryboard.storyboard */; };
		9A5AEBB716FA6F330023614D /* CardGameViewController.m in Sources */ = {isa = PBXBuildFile; fileRef = 9A5AEBB616FA6F330023614D /* CardGameViewController.m */; };
		9A5F7659170ABAA3002095D7 /* cardback.png in Resources */ = {isa = PBXBuildFile; fileRef = 9A5F7658170ABAA3002095D7 /* cardback.png */; };
		9AD4AFB017153DBF004C4C34 /* 29-heart.png in Resources */ = {isa = PBXBuildFile; fileRef = 9AD4AFAF17153DBF004C4C34 /* 29-heart.png */; };
/* End PBXBuildFile section */

/* Begin PBXFileReference section */
		9A007E2216FF68BB00F1A350 /* Card.h */ = {isa = PBXFileReference; fileEncoding = 4; lastKnownFileType = sourcecode.c.h; name = Card.h; path = model/Card.h; sourceTree = "<group>"; };
		9A007E2316FF68BB00F1A350 /* Card.m */ = {isa = PBXFileReference; fileEncoding = 4; lastKnownFileType = sourcecode.c.objc; name = Card.m; path = model/Card.m; sourceTree = "<group>"; };
		9A007E2616FF699D00F1A350 /* Deck.h */ = {isa = PBXFileReference; fileEncoding = 4; lastKnownFileType = sourcecode.c.h; name = Deck.h; path = model/Deck.h; sourceTree = "<group>"; };
		9A007E2716FF699D00F1A350 /* Deck.m */ = {isa = PBXFileReference; fileEncoding = 4; lastKnownFileType = sourcecode.c.objc; name = Deck.m; path = model/Deck.m; sourceTree = "<group>"; };
		9A007E29170018DF00F1A350 /* PlayingCard.h */ = {isa = PBXFileReference; fileEncoding = 4; lastKnownFileType = sourcecode.c.h; name = PlayingCard.h; path = model/PlayingCard.h; sourceTree = "<group>"; };
		9A007E2A170018DF00F1A350 /* PlayingCard.m */ = {isa = PBXFileReference; fileEncoding = 4; lastKnownFileType = sourcecode.c.objc; name = PlayingCard.m; path = model/PlayingCard.m; sourceTree = "<group>"; };
		9A007E2C1700B00000F1A350 /* PlayingCardDeck.h */ = {isa = PBXFileReference; fileEncoding = 4; lastKnownFileType = sourcecode.c.h; name = PlayingCardDeck.h; path = model/PlayingCardDeck.h; sourceTree = "<group>"; };
		9A007E2D1700B00100F1A350 /* PlayingCardDeck.m */ = {isa = PBXFileReference; fileEncoding = 4; lastKnownFileType = sourcecode.c.objc; name = PlayingCardDeck.m; path = model/PlayingCardDeck.m; sourceTree = "<group>"; };
		9A007E2F1703726A00F1A350 /* CardMatchingGame.h */ = {isa = PBXFileReference; fileEncoding = 4; lastKnownFileType = sourcecode.c.h; name = CardMatchingGame.h; path = model/CardMatchingGame.h; sourceTree = "<group>"; };
		9A007E301703726A00F1A350 /* CardMatchingGame.m */ = {isa = PBXFileReference; fileEncoding = 4; lastKnownFileType = sourcecode.c.objc; name = CardMatchingGame.m; path = model/CardMatchingGame.m; sourceTree = "<group>"; };
		9A2100271715EE4900208AA7 /* GameResultsViewController.h */ = {isa = PBXFileReference; fileEncoding = 4; lastKnownFileType = sourcecode.c.h; path = GameResultsViewController.h; sourceTree = "<group>"; };
		9A2100281715EE4900208AA7 /* GameResultsViewController.m */ = {isa = PBXFileReference; fileEncoding = 4; lastKnownFileType = sourcecode.c.objc; path = GameResultsViewController.m; sourceTree = "<group>"; };
		9A21002A1715F43F00208AA7 /* GameResult.h */ = {isa = PBXFileReference; fileEncoding = 4; lastKnownFileType = sourcecode.c.h; path = GameResult.h; sourceTree = "<group>"; };
		9A21002B1715F43F00208AA7 /* GameResult.m */ = {isa = PBXFileReference; fileEncoding = 4; lastKnownFileType = sourcecode.c.objc; path = GameResult.m; sourceTree = "<group>"; };
		9A5AEB9716FA6F330023614D /* Matchismo.app */ = {isa = PBXFileReference; explicitFileType = wrapper.application; includeInIndex = 0; path = Matchismo.app; sourceTree = BUILT_PRODUCTS_DIR; };
		9A5AEB9A16FA6F330023614D /* UIKit.framework */ = {isa = PBXFileReference; lastKnownFileType = wrapper.framework; name = UIKit.framework; path = System/Library/Frameworks/UIKit.framework; sourceTree = SDKROOT; };
		9A5AEB9C16FA6F330023614D /* Foundation.framework */ = {isa = PBXFileReference; lastKnownFileType = wrapper.framework; name = Foundation.framework; path = System/Library/Frameworks/Foundation.framework; sourceTree = SDKROOT; };
		9A5AEB9E16FA6F330023614D /* CoreGraphics.framework */ = {isa = PBXFileReference; lastKnownFileType = wrapper.framework; name = CoreGraphics.framework; path = System/Library/Frameworks/CoreGraphics.framework; sourceTree = SDKROOT; };
		9A5AEBA216FA6F330023614D /* Matchismo-Info.plist */ = {isa = PBXFileReference; lastKnownFileType = text.plist.xml; path = "Matchismo-Info.plist"; sourceTree = "<group>"; };
		9A5AEBA416FA6F330023614D /* en */ = {isa = PBXFileReference; lastKnownFileType = text.plist.strings; name = en; path = en.lproj/InfoPlist.strings; sourceTree = "<group>"; };
		9A5AEBA616FA6F330023614D /* main.m */ = {isa = PBXFileReference; lastKnownFileType = sourcecode.c.objc; path = main.m; sourceTree = "<group>"; };
		9A5AEBA816FA6F330023614D /* Matchismo-Prefix.pch */ = {isa = PBXFileReference; lastKnownFileType = sourcecode.c.h; path = "Matchismo-Prefix.pch"; sourceTree = "<group>"; };
		9A5AEBA916FA6F330023614D /* CardGameAppDelegate.h */ = {isa = PBXFileReference; lastKnownFileType = sourcecode.c.h; path = CardGameAppDelegate.h; sourceTree = "<group>"; };
		9A5AEBAA16FA6F330023614D /* CardGameAppDelegate.m */ = {isa = PBXFileReference; lastKnownFileType = sourcecode.c.objc; path = CardGameAppDelegate.m; sourceTree = "<group>"; };
		9A5AEBAC16FA6F330023614D /* Default.png */ = {isa = PBXFileReference; lastKnownFileType = image.png; path = Default.png; sourceTree = "<group>"; };
		9A5AEBAE16FA6F330023614D /* Default@2x.png */ = {isa = PBXFileReference; lastKnownFileType = image.png; path = "Default@2x.png"; sourceTree = "<group>"; };
		9A5AEBB016FA6F330023614D /* Default-568h@2x.png */ = {isa = PBXFileReference; lastKnownFileType = image.png; path = "Default-568h@2x.png"; sourceTree = "<group>"; };
		9A5AEBB316FA6F330023614D /* en */ = {isa = PBXFileReference; lastKnownFileType = file.storyboard; name = en; path = en.lproj/MainStoryboard.storyboard; sourceTree = "<group>"; };
		9A5AEBB516FA6F330023614D /* CardGameViewController.h */ = {isa = PBXFileReference; lastKnownFileType = sourcecode.c.h; path = CardGameViewController.h; sourceTree = "<group>"; };
		9A5AEBB616FA6F330023614D /* CardGameViewController.m */ = {isa = PBXFileReference; lastKnownFileType = sourcecode.c.objc; path = CardGameViewController.m; sourceTree = "<group>"; };
		9A5F7658170ABAA3002095D7 /* cardback.png */ = {isa = PBXFileReference; lastKnownFileType = image.png; path = cardback.png; sourceTree = "<group>"; };
		9AD4AFAF17153DBF004C4C34 /* 29-heart.png */ = {isa = PBXFileReference; lastKnownFileType = image.png; path = "29-heart.png"; sourceTree = "<group>"; };
/* End PBXFileReference section */

/* Begin PBXFrameworksBuildPhase section */
		9A5AEB9416FA6F330023614D /* Frameworks */ = {
			isa = PBXFrameworksBuildPhase;
			buildActionMask = 2147483647;
			files = (
				9A5AEB9B16FA6F330023614D /* UIKit.framework in Frameworks */,
				9A5AEB9D16FA6F330023614D /* Foundation.framework in Frameworks */,
				9A5AEB9F16FA6F330023614D /* CoreGraphics.framework in Frameworks */,
			);
			runOnlyForDeploymentPostprocessing = 0;
		};
/* End PBXFrameworksBuildPhase section */

/* Begin PBXGroup section */
		9A007E2516FF692000F1A350 /* model */ = {
			isa = PBXGroup;
			children = (
				9A007E2216FF68BB00F1A350 /* Card.h */,
				9A007E2616FF699D00F1A350 /* Deck.h */,
				9A007E2716FF699D00F1A350 /* Deck.m */,
				9A007E2316FF68BB00F1A350 /* Card.m */,
				9A007E29170018DF00F1A350 /* PlayingCard.h */,
				9A007E2A170018DF00F1A350 /* PlayingCard.m */,
				9A007E2C1700B00000F1A350 /* PlayingCardDeck.h */,
				9A007E2D1700B00100F1A350 /* PlayingCardDeck.m */,
				9A007E2F1703726A00F1A350 /* CardMatchingGame.h */,
				9A007E301703726A00F1A350 /* CardMatchingGame.m */,
			);
			name = model;
			sourceTree = "<group>";
		};
		9A5AEB8E16FA6F330023614D = {
			isa = PBXGroup;
			children = (
				9A5AEBA016FA6F330023614D /* Matchismo */,
				9A5AEB9916FA6F330023614D /* Frameworks */,
				9A5AEB9816FA6F330023614D /* Products */,
			);
			sourceTree = "<group>";
		};
		9A5AEB9816FA6F330023614D /* Products */ = {
			isa = PBXGroup;
			children = (
				9A5AEB9716FA6F330023614D /* Matchismo.app */,
			);
			name = Products;
			sourceTree = "<group>";
		};
		9A5AEB9916FA6F330023614D /* Frameworks */ = {
			isa = PBXGroup;
			children = (
				9A5AEB9A16FA6F330023614D /* UIKit.framework */,
				9A5AEB9C16FA6F330023614D /* Foundation.framework */,
				9A5AEB9E16FA6F330023614D /* CoreGraphics.framework */,
			);
			name = Frameworks;
			sourceTree = "<group>";
		};
		9A5AEBA016FA6F330023614D /* Matchismo */ = {
			isa = PBXGroup;
			children = (
				9A5AEBB216FA6F330023614D /* MainStoryboard.storyboard */,
				9A5AEBB516FA6F330023614D /* CardGameViewController.h */,
				9A5AEBB616FA6F330023614D /* CardGameViewController.m */,
				9A2100271715EE4900208AA7 /* GameResultsViewController.h */,
				9A2100281715EE4900208AA7 /* GameResultsViewController.m */,
				9A5AEBA116FA6F330023614D /* Supporting Files */,
				9A007E2516FF692000F1A350 /* model */,
				9A21002A1715F43F00208AA7 /* GameResult.h */,
				9A21002B1715F43F00208AA7 /* GameResult.m */,
			);
			path = Matchismo;
			sourceTree = "<group>";
		};
		9A5AEBA116FA6F330023614D /* Supporting Files */ = {
			isa = PBXGroup;
			children = (
				9AD4AFAF17153DBF004C4C34 /* 29-heart.png */,
				9A5F7658170ABAA3002095D7 /* cardback.png */,
				9A5AEBA916FA6F330023614D /* CardGameAppDelegate.h */,
				9A5AEBAA16FA6F330023614D /* CardGameAppDelegate.m */,
				9A5AEBA216FA6F330023614D /* Matchismo-Info.plist */,
				9A5AEBA316FA6F330023614D /* InfoPlist.strings */,
				9A5AEBA616FA6F330023614D /* main.m */,
				9A5AEBA816FA6F330023614D /* Matchismo-Prefix.pch */,
				9A5AEBAC16FA6F330023614D /* Default.png */,
				9A5AEBAE16FA6F330023614D /* Default@2x.png */,
				9A5AEBB016FA6F330023614D /* Default-568h@2x.png */,
			);
			name = "Supporting Files";
			sourceTree = "<group>";
		};
/* End PBXGroup section */

/* Begin PBXNativeTarget section */
		9A5AEB9616FA6F330023614D /* Matchismo */ = {
			isa = PBXNativeTarget;
			buildConfigurationList = 9A5AEBBA16FA6F330023614D /* Build configuration list for PBXNativeTarget "Matchismo" */;
			buildPhases = (
				9A5AEB9316FA6F330023614D /* Sources */,
				9A5AEB9416FA6F330023614D /* Frameworks */,
				9A5AEB9516FA6F330023614D /* Resources */,
			);
			buildRules = (
			);
			dependencies = (
			);
			name = Matchismo;
			productName = Matchismo;
			productReference = 9A5AEB9716FA6F330023614D /* Matchismo.app */;
			productType = "com.apple.product-type.application";
		};
/* End PBXNativeTarget section */

/* Begin PBXProject section */
		9A5AEB8F16FA6F330023614D /* Project object */ = {
			isa = PBXProject;
			attributes = {
				CLASSPREFIX = CardGame;
				LastUpgradeCheck = 0460;
				ORGANIZATIONNAME = "Richard Millet";
			};
			buildConfigurationList = 9A5AEB9216FA6F330023614D /* Build configuration list for PBXProject "Matchismo" */;
			compatibilityVersion = "Xcode 3.2";
			developmentRegion = English;
			hasScannedForEncodings = 0;
			knownRegions = (
				en,
			);
			mainGroup = 9A5AEB8E16FA6F330023614D;
			productRefGroup = 9A5AEB9816FA6F330023614D /* Products */;
			projectDirPath = "";
			projectRoot = "";
			targets = (
				9A5AEB9616FA6F330023614D /* Matchismo */,
			);
		};
/* End PBXProject section */

/* Begin PBXResourcesBuildPhase section */
		9A5AEB9516FA6F330023614D /* Resources */ = {
			isa = PBXResourcesBuildPhase;
			buildActionMask = 2147483647;
			files = (
				9A5AEBA516FA6F330023614D /* InfoPlist.strings in Resources */,
				9A5AEBAD16FA6F330023614D /* Default.png in Resources */,
				9A5AEBAF16FA6F330023614D /* Default@2x.png in Resources */,
				9A5AEBB116FA6F330023614D /* Default-568h@2x.png in Resources */,
				9A5AEBB416FA6F330023614D /* MainStoryboard.storyboard in Resources */,
				9A5F7659170ABAA3002095D7 /* cardback.png in Resources */,
				9AD4AFB017153DBF004C4C34 /* 29-heart.png in Resources */,
			);
			runOnlyForDeploymentPostprocessing = 0;
		};
/* End PBXResourcesBuildPhase section */

/* Begin PBXSourcesBuildPhase section */
		9A5AEB9316FA6F330023614D /* Sources */ = {
			isa = PBXSourcesBuildPhase;
			buildActionMask = 2147483647;
			files = (
				9A5AEBA716FA6F330023614D /* main.m in Sources */,
				9A5AEBAB16FA6F330023614D /* CardGameAppDelegate.m in Sources */,
				9A5AEBB716FA6F330023614D /* CardGameViewController.m in Sources */,
				9A007E2416FF68BB00F1A350 /* Card.m in Sources */,
				9A007E2816FF699D00F1A350 /* Deck.m in Sources */,
				9A007E2B170018DF00F1A350 /* PlayingCard.m in Sources */,
				9A007E2E1700B00100F1A350 /* PlayingCardDeck.m in Sources */,
				9A007E311703726A00F1A350 /* CardMatchingGame.m in Sources */,
				9A2100291715EE4900208AA7 /* GameResultsViewController.m in Sources */,
				9A21002C1715F43F00208AA7 /* GameResult.m in Sources */,
			);
			runOnlyForDeploymentPostprocessing = 0;
		};
/* End PBXSourcesBuildPhase section */

/* Begin PBXVariantGroup section */
		9A5AEBA316FA6F330023614D /* InfoPlist.strings */ = {
			isa = PBXVariantGroup;
			children = (
				9A5AEBA416FA6F330023614D /* en */,
			);
			name = InfoPlist.strings;
			sourceTree = "<group>";
		};
		9A5AEBB216FA6F330023614D /* MainStoryboard.storyboard */ = {
			isa = PBXVariantGroup;
			children = (
				9A5AEBB316FA6F330023614D /* en */,
			);
			name = MainStoryboard.storyboard;
			sourceTree = "<group>";
		};
/* End PBXVariantGroup section */

/* Begin XCBuildConfiguration section */
		9A5AEBB816FA6F330023614D /* Debug */ = {
			isa = XCBuildConfiguration;
			buildSettings = {
				ALWAYS_SEARCH_USER_PATHS = NO;
				CLANG_CXX_LANGUAGE_STANDARD = "gnu++0x";
				CLANG_CXX_LIBRARY = "libc++";
				CLANG_ENABLE_OBJC_ARC = YES;
				CLANG_WARN_CONSTANT_CONVERSION = YES;
				CLANG_WARN_EMPTY_BODY = YES;
				CLANG_WARN_ENUM_CONVERSION = YES;
				CLANG_WARN_INT_CONVERSION = YES;
				CLANG_WARN__DUPLICATE_METHOD_MATCH = YES;
				"CODE_SIGN_IDENTITY[sdk=iphoneos*]" = "iPhone Developer";
				COPY_PHASE_STRIP = NO;
				GCC_C_LANGUAGE_STANDARD = gnu99;
				GCC_DYNAMIC_NO_PIC = NO;
				GCC_OPTIMIZATION_LEVEL = 0;
				GCC_PREPROCESSOR_DEFINITIONS = (
					"DEBUG=1",
					"$(inherited)",
				);
				GCC_SYMBOLS_PRIVATE_EXTERN = NO;
				GCC_WARN_ABOUT_RETURN_TYPE = YES;
				GCC_WARN_UNINITIALIZED_AUTOS = YES;
				GCC_WARN_UNUSED_VARIABLE = YES;
				IPHONEOS_DEPLOYMENT_TARGET = 6.1;
				ONLY_ACTIVE_ARCH = YES;
				SDKROOT = iphoneos;
			};
			name = Debug;
		};
		9A5AEBB916FA6F330023614D /* Release */ = {
			isa = XCBuildConfiguration;
			buildSettings = {
				ALWAYS_SEARCH_USER_PATHS = NO;
				CLANG_CXX_LANGUAGE_STANDARD = "gnu++0x";
				CLANG_CXX_LIBRARY = "libc++";
				CLANG_ENABLE_OBJC_ARC = YES;
				CLANG_WARN_CONSTANT_CONVERSION = YES;
				CLANG_WARN_EMPTY_BODY = YES;
				CLANG_WARN_ENUM_CONVERSION = YES;
				CLANG_WARN_INT_CONVERSION = YES;
				CLANG_WARN__DUPLICATE_METHOD_MATCH = YES;
				"CODE_SIGN_IDENTITY[sdk=iphoneos*]" = "iPhone Developer";
				COPY_PHASE_STRIP = YES;
				GCC_C_LANGUAGE_STANDARD = gnu99;
				GCC_WARN_ABOUT_RETURN_TYPE = YES;
				GCC_WARN_UNINITIALIZED_AUTOS = YES;
				GCC_WARN_UNUSED_VARIABLE = YES;
				IPHONEOS_DEPLOYMENT_TARGET = 6.1;
				OTHER_CFLAGS = "-DNS_BLOCK_ASSERTIONS=1";
				SDKROOT = iphoneos;
				VALIDATE_PRODUCT = YES;
			};
			name = Release;
		};
		9A5AEBBB16FA6F330023614D /* Debug */ = {
			isa = XCBuildConfiguration;
			buildSettings = {
				GCC_PRECOMPILE_PREFIX_HEADER = YES;
				GCC_PREFIX_HEADER = "Matchismo/Matchismo-Prefix.pch";
				INFOPLIST_FILE = "Matchismo/Matchismo-Info.plist";
				PRODUCT_NAME = "$(TARGET_NAME)";
				WRAPPER_EXTENSION = app;
			};
			name = Debug;
		};
		9A5AEBBC16FA6F330023614D /* Release */ = {
			isa = XCBuildConfiguration;
			buildSettings = {
				GCC_PRECOMPILE_PREFIX_HEADER = YES;
				GCC_PREFIX_HEADER = "Matchismo/Matchismo-Prefix.pch";
				INFOPLIST_FILE = "Matchismo/Matchismo-Info.plist";
				PRODUCT_NAME = "$(TARGET_NAME)";
				WRAPPER_EXTENSION = app;
			};
			name = Release;
		};
/* End XCBuildConfiguration section */

/* Begin XCConfigurationList section */
		9A5AEB9216FA6F330023614D /* Build configuration list for PBXProject "Matchismo" */ = {
			isa = XCConfigurationList;
			buildConfigurations = (
				9A5AEBB816FA6F330023614D /* Debug */,
				9A5AEBB916FA6F330023614D /* Release */,
			);
			defaultConfigurationIsVisible = 0;
			defaultConfigurationName = Release;
		};
		9A5AEBBA16FA6F330023614D /* Build configuration list for PBXNativeTarget "Matchismo" */ = {
			isa = XCConfigurationList;
			buildConfigurations = (
				9A5AEBBB16FA6F330023614D /* Debug */,
				9A5AEBBC16FA6F330023614D /* Release */,
			);
			defaultConfigurationIsVisible = 0;
			defaultConfigurationName = Release;
		};
/* End XCConfigurationList section */
	};
	rootObject = 9A5AEB8F16FA6F330023614D /* Project object */;
}
